
Microsoft Visual Studio Solution File, Format Version 12.00
# Visual Studio Version 16
VisualStudioVersion = 16.0.31702.278
MinimumVisualStudioVersion = 10.0.40219.1
Project("{888888A0-9F3D-457C-B088-3A5042F75D52}") = "ip-countryside", "ip-countryside.pyproj", "{B13B7B4B-10F2-4C79-B7EC-C32DA888F028}"
EndProject
Global
	GlobalSection(SolutionConfigurationPlatforms) = preSolution
		Debug|Any CPU = Debug|Any CPU
		Release|Any CPU = Release|Any CPU
	EndGlobalSection
	GlobalSection(ProjectConfigurationPlatforms) = postSolution
		{B13B7B4B-10F2-4C79-B7EC-C32DA888F028}.Debug|Any CPU.ActiveCfg = Debug|Any CPU
		{B13B7B4B-10F2-4C79-B7EC-C32DA888F028}.Release|Any CPU.ActiveCfg = Release|Any CPU
	EndGlobalSection
	GlobalSection(SolutionProperties) = preSolution
		HideSolutionNode = FALSE
	EndGlobalSection
	GlobalSection(ExtensibilityGlobals) = postSolution
		SolutionGuid = {96050D73-C20F-4811-A172-B102711DA86E}
	EndGlobalSection
EndGlobal
