
Microsoft Visual Studio Solution File, Format Version 12.00
# Visual Studio Version 16
VisualStudioVersion = 16.0.31702.278
MinimumVisualStudioVersion = 10.0.40219.1
Project("{888888A0-9F3D-457C-B088-3A5042F75D52}") = "ip-countryside", "ip-countryside.pyproj", "{22370662-32EB-4978-B85D-BA593E4437FE}"
EndProject
Global
	GlobalSection(SolutionConfigurationPlatforms) = preSolution
		Debug|Any CPU = Debug|Any CPU
		Release|Any CPU = Release|Any CPU
	EndGlobalSection
	GlobalSection(ProjectConfigurationPlatforms) = postSolution
		{22370662-32EB-4978-B85D-BA593E4437FE}.Debug|Any CPU.ActiveCfg = Debug|Any CPU
		{22370662-32EB-4978-B85D-BA593E4437FE}.Release|Any CPU.ActiveCfg = Release|Any CPU
	EndGlobalSection
	GlobalSection(SolutionProperties) = preSolution
		HideSolutionNode = FALSE
	EndGlobalSection
	GlobalSection(ExtensibilityGlobals) = postSolution
		SolutionGuid = {D65BE1A3-371D-4896-B87E-16A006039070}
	EndGlobalSection
EndGlobal
